
Microsoft Visual Studio Solution File, Format Version 12.00
# Visual Studio Version 17
VisualStudioVersion = 17.10.35122.118
MinimumVisualStudioVersion = 10.0.40219.1
Project("{FAE04EC0-301F-11D3-BF4B-00C04F79EFBC}") = "Gausslite.Core", "src\Gausslite.Core\Gausslite.Core.csproj", "{5D8F6EAD-E6DC-41ED-8473-D319B9EF248D}"
EndProject
Project("{FAE04EC0-301F-11D3-BF4B-00C04F79EFBC}") = "Gausslite.Overlay", "src\Gausslite.Overlay\Gausslite.Overlay.csproj", "{0B72B142-D562-4B1A-990A-C0107ABFBE1D}"
EndProject
Project("{FAE04EC0-301F-11D3-BF4B-00C04F79EFBC}") = "Gausslite.App", "src\Gausslite.App\Gausslite.App.csproj", "{9835E13C-4050-46DA-98AA-3A97B25FC090}"
EndProject
Project("{FAE04EC0-301F-11D3-BF4B-00C04F79EFBC}") = "Gausslite.Core.Tests", "tests\Gausslite.Core.Tests\Gausslite.Core.Tests.csproj", "{8DD1203F-A657-4E1B-858D-F40ABCF6960C}"
EndProject
Project("{FAE04EC0-301F-11D3-BF4B-00C04F79EFBC}") = "Gausslite.App.Tests", "tests\Gausslite.App.Tests\Gausslite.App.Tests.csproj", "{C2A1B3D4-E5F6-7890-ABCD-EF1234567890}"
EndProject
Global
	GlobalSection(SolutionConfigurationPlatforms) = preSolution
		Debug|Any CPU = Debug|Any CPU
		Release|Any CPU = Release|Any CPU
	EndGlobalSection
	GlobalSection(ProjectConfigurationPlatforms) = postSolution
		{5D8F6EAD-E6DC-41ED-8473-D319B9EF248D}.Debug|Any CPU.ActiveCfg = Debug|x64
		{5D8F6EAD-E6DC-41ED-8473-D319B9EF248D}.Debug|Any CPU.Build.0 = Debug|x64
		{5D8F6EAD-E6DC-41ED-8473-D319B9EF248D}.Release|Any CPU.ActiveCfg = Release|x64
		{5D8F6EAD-E6DC-41ED-8473-D319B9EF248D}.Release|Any CPU.Build.0 = Release|x64
		{0B72B142-D562-4B1A-990A-C0107ABFBE1D}.Debug|Any CPU.ActiveCfg = Debug|x64
		{0B72B142-D562-4B1A-990A-C0107ABFBE1D}.Debug|Any CPU.Build.0 = Debug|x64
		{0B72B142-D562-4B1A-990A-C0107ABFBE1D}.Release|Any CPU.ActiveCfg = Release|x64
		{0B72B142-D562-4B1A-990A-C0107ABFBE1D}.Release|Any CPU.Build.0 = Release|x64
		{9835E13C-4050-46DA-98AA-3A97B25FC090}.Debug|Any CPU.ActiveCfg = Debug|x64
		{9835E13C-4050-46DA-98AA-3A97B25FC090}.Debug|Any CPU.Build.0 = Debug|x64
		{9835E13C-4050-46DA-98AA-3A97B25FC090}.Release|Any CPU.ActiveCfg = Release|x64
		{9835E13C-4050-46DA-98AA-3A97B25FC090}.Release|Any CPU.Build.0 = Release|x64
		{8DD1203F-A657-4E1B-858D-F40ABCF6960C}.Debug|Any CPU.ActiveCfg = Debug|x64
		{8DD1203F-A657-4E1B-858D-F40ABCF6960C}.Debug|Any CPU.Build.0 = Debug|x64
		{8DD1203F-A657-4E1B-858D-F40ABCF6960C}.Release|Any CPU.ActiveCfg = Release|x64
		{8DD1203F-A657-4E1B-858D-F40ABCF6960C}.Release|Any CPU.Build.0 = Release|x64
		{C2A1B3D4-E5F6-7890-ABCD-EF1234567890}.Debug|Any CPU.ActiveCfg = Debug|x64
		{C2A1B3D4-E5F6-7890-ABCD-EF1234567890}.Debug|Any CPU.Build.0 = Debug|x64
		{C2A1B3D4-E5F6-7890-ABCD-EF1234567890}.Release|Any CPU.ActiveCfg = Release|x64
		{C2A1B3D4-E5F6-7890-ABCD-EF1234567890}.Release|Any CPU.Build.0 = Release|x64
	EndGlobalSection
	GlobalSection(SolutionProperties) = preSolution
		HideSolutionNode = FALSE
	EndGlobalSection
	GlobalSection(ExtensibilityGlobals) = postSolution
		SolutionGuid = {5B80F2CA-1F1B-4973-B1F3-F07AFE47C1AD}
	EndGlobalSection
EndGlobal
