{
  "version": 1,
  "dependencies": {
    "net8.0-windows10.0.22621": {
      "Microsoft.Graphics.Win2D": {
        "type": "Direct",
        "requested": "[1.3.0, )",
        "resolved": "1.3.0",
        "contentHash": "Jj5KSGhGjrzUNOt86CLKTvwI+Ez/OmpiwTn8X1Xf5h5Ek+UWV2PQCvFjmpJegeQi17KNVjCCQITPhuphJH31Hw==",
        "dependencies": {
          "Microsoft.WindowsAppSDK": "1.6.240923002"
        }
      },
      "Microsoft.Web.WebView2": {
        "type": "Transitive",
        "resolved": "1.0.2651.64",
        "contentHash": "f5sc/vcAoTCTEW7Nqzp4galAuTRguZViw8ksn+Nx2uskEBPm0/ubzy6gVjvXS/P96jLS89C8T9I0hPc417xpNg=="
      },
      "Microsoft.Windows.SDK.BuildTools": {
        "type": "Transitive",
        "resolved": "10.0.22621.756",
        "contentHash": "7ZL2sFSioYm1Ry067Kw1hg0SCcW5kuVezC2SwjGbcPE61Nn+gTbH86T73G3LcEOVj0S3IZzNuE/29gZvOLS7VA=="
      },
      "Microsoft.WindowsAppSDK": {
        "type": "Transitive",
        "resolved": "1.6.240923002",
        "contentHash": "7PfOz2scXU+AAM/GYge+f6s7k3DVI+R1P8MNPZQr56GOPCGw+csvcg3S5KZg47z/o04kNvWH3GKtWT1ML9tpZw==",
        "dependencies": {
          "Microsoft.Web.WebView2": "1.0.2651.64",
          "Microsoft.Windows.SDK.BuildTools": "10.0.22621.756"
        }
      }
    }
  }
}